
Microsoft Visual Studio Solution File, Format Version 12.00
# Visual Studio Version 16
VisualStudioVersion = 16.0.808.6
MinimumVisualStudioVersion = 10.0.40219.1
Project("{FAE04EC0-301F-11D3-BF4B-00C04F79EFBC}") = "ArsenalAnalyzer.Android", "ArsenalAnalyzer.Android\ArsenalAnalyzer.Android.csproj", "{96B34AA3-DA45-4E0A-BB06-61F01C470B67}"
EndProject
Project("{FAE04EC0-301F-11D3-BF4B-00C04F79EFBC}") = "ArsenalAnalyzer.iOS", "ArsenalAnalyzer.iOS\ArsenalAnalyzer.iOS.csproj", "{1AAB4E49-787F-496F-90FF-9EF2156CB6F2}"
EndProject
Project("{FAE04EC0-301F-11D3-BF4B-00C04F79EFBC}") = "ArsenalAnalyzer", "ArsenalAnalyzer\ArsenalAnalyzer.csproj", "{9484C91D-A859-4411-8F02-AE6E0DCB2047}"
EndProject
Global
	GlobalSection(SolutionConfigurationPlatforms) = preSolution
		Debug|Any CPU = Debug|Any CPU
		Release|Any CPU = Release|Any CPU
		Debug|iPhoneSimulator = Debug|iPhoneSimulator
		Release|iPhoneSimulator = Release|iPhoneSimulator
		Debug|iPhone = Debug|iPhone
		Release|iPhone = Release|iPhone
	EndGlobalSection
	GlobalSection(ProjectConfigurationPlatforms) = postSolution
		{96B34AA3-DA45-4E0A-BB06-61F01C470B67}.Debug|Any CPU.ActiveCfg = Debug|Any CPU
		{96B34AA3-DA45-4E0A-BB06-61F01C470B67}.Debug|Any CPU.Build.0 = Debug|Any CPU
		{96B34AA3-DA45-4E0A-BB06-61F01C470B67}.Release|Any CPU.ActiveCfg = Release|Any CPU
		{96B34AA3-DA45-4E0A-BB06-61F01C470B67}.Release|Any CPU.Build.0 = Release|Any CPU
		{96B34AA3-DA45-4E0A-BB06-61F01C470B67}.Debug|iPhoneSimulator.ActiveCfg = Debug|Any CPU
		{96B34AA3-DA45-4E0A-BB06-61F01C470B67}.Debug|iPhoneSimulator.Build.0 = Debug|Any CPU
		{96B34AA3-DA45-4E0A-BB06-61F01C470B67}.Release|iPhoneSimulator.ActiveCfg = Release|Any CPU
		{96B34AA3-DA45-4E0A-BB06-61F01C470B67}.Release|iPhoneSimulator.Build.0 = Release|Any CPU
		{96B34AA3-DA45-4E0A-BB06-61F01C470B67}.Debug|iPhone.ActiveCfg = Debug|Any CPU
		{96B34AA3-DA45-4E0A-BB06-61F01C470B67}.Debug|iPhone.Build.0 = Debug|Any CPU
		{96B34AA3-DA45-4E0A-BB06-61F01C470B67}.Release|iPhone.ActiveCfg = Release|Any CPU
		{96B34AA3-DA45-4E0A-BB06-61F01C470B67}.Release|iPhone.Build.0 = Release|Any CPU
		{1AAB4E49-787F-496F-90FF-9EF2156CB6F2}.Debug|Any CPU.ActiveCfg = Debug|iPhoneSimulator
		{1AAB4E49-787F-496F-90FF-9EF2156CB6F2}.Debug|Any CPU.Build.0 = Debug|iPhoneSimulator
		{1AAB4E49-787F-496F-90FF-9EF2156CB6F2}.Release|Any CPU.ActiveCfg = Release|iPhoneSimulator
		{1AAB4E49-787F-496F-90FF-9EF2156CB6F2}.Release|Any CPU.Build.0 = Release|iPhoneSimulator
		{1AAB4E49-787F-496F-90FF-9EF2156CB6F2}.Debug|iPhoneSimulator.ActiveCfg = Debug|iPhoneSimulator
		{1AAB4E49-787F-496F-90FF-9EF2156CB6F2}.Debug|iPhoneSimulator.Build.0 = Debug|iPhoneSimulator
		{1AAB4E49-787F-496F-90FF-9EF2156CB6F2}.Release|iPhoneSimulator.ActiveCfg = Release|iPhoneSimulator
		{1AAB4E49-787F-496F-90FF-9EF2156CB6F2}.Release|iPhoneSimulator.Build.0 = Release|iPhoneSimulator
		{1AAB4E49-787F-496F-90FF-9EF2156CB6F2}.Debug|iPhone.ActiveCfg = Debug|iPhone
		{1AAB4E49-787F-496F-90FF-9EF2156CB6F2}.Debug|iPhone.Build.0 = Debug|iPhone
		{1AAB4E49-787F-496F-90FF-9EF2156CB6F2}.Release|iPhone.ActiveCfg = Release|iPhone
		{1AAB4E49-787F-496F-90FF-9EF2156CB6F2}.Release|iPhone.Build.0 = Release|iPhone
		{9484C91D-A859-4411-8F02-AE6E0DCB2047}.Debug|Any CPU.ActiveCfg = Debug|Any CPU
		{9484C91D-A859-4411-8F02-AE6E0DCB2047}.Debug|Any CPU.Build.0 = Debug|Any CPU
		{9484C91D-A859-4411-8F02-AE6E0DCB2047}.Release|Any CPU.ActiveCfg = Release|Any CPU
		{9484C91D-A859-4411-8F02-AE6E0DCB2047}.Release|Any CPU.Build.0 = Release|Any CPU
		{9484C91D-A859-4411-8F02-AE6E0DCB2047}.Debug|iPhoneSimulator.ActiveCfg = Debug|Any CPU
		{9484C91D-A859-4411-8F02-AE6E0DCB2047}.Debug|iPhoneSimulator.Build.0 = Debug|Any CPU
		{9484C91D-A859-4411-8F02-AE6E0DCB2047}.Release|iPhoneSimulator.ActiveCfg = Release|Any CPU
		{9484C91D-A859-4411-8F02-AE6E0DCB2047}.Release|iPhoneSimulator.Build.0 = Release|Any CPU
		{9484C91D-A859-4411-8F02-AE6E0DCB2047}.Debug|iPhone.ActiveCfg = Debug|Any CPU
		{9484C91D-A859-4411-8F02-AE6E0DCB2047}.Debug|iPhone.Build.0 = Debug|Any CPU
		{9484C91D-A859-4411-8F02-AE6E0DCB2047}.Release|iPhone.ActiveCfg = Release|Any CPU
		{9484C91D-A859-4411-8F02-AE6E0DCB2047}.Release|iPhone.Build.0 = Release|Any CPU
	EndGlobalSection
	GlobalSection(SolutionProperties) = preSolution
		HideSolutionNode = FALSE
	EndGlobalSection
	GlobalSection(ExtensibilityGlobals) = postSolution
		SolutionGuid = {E9AEF77D-9609-4CD2-A8A4-A628F025A114}
	EndGlobalSection
EndGlobal
